# This file is generated by running "yarn install" inside your project.
# Manual changes might be lost - proceed with caution!

__metadata:
  version: 6
  cacheKey: 7

"@yarnv2/client@, @yarnv2/client@workspace:packages/client":
  version: 0.0.0-use.local
  resolution: "@yarnv2/client@workspace:packages/client"
  dependencies:
    color-name: ^1.0.0
    js-tokens: ^4.0.0
  languageName: unknown
  linkType: soft

"color-name@npm:^1.0.0":
  version: 1.1.4
  resolution: "color-name@npm:1.1.4"
  checksum: 3e1c9a4dee12eada307436f61614dd11fe300469db2b83f80c8b7a7cd8a1015f0f18dd13403f018927b249003777ff60baba4a03c65f12e6bddc0dfd9642021f
  languageName: node
  linkType: hard

"js-tokens@npm:^4.0.0":
  version: 4.0.0
  resolution: "js-tokens@npm:4.0.0"
  checksum: 1fc4e4667ac2d972aba65148b9cbf9c17566b2394d3504238d8492bbd3e68f496c657eab06b26b40b17db5cac0a34d153a12130e2d2d2bb6dc2cdc8a4764eb1b
  languageName: node
  linkType: hard

"mime-db@npm:1.52.0":
  version: 1.52.0
  resolution: "mime-db@npm:1.52.0"
  checksum: cfa3f12a40091755ec89f2fb50d361952acf2d9acb72b8cfc5b1c1a8581fa1b906929410db8ab834f9d8dd913fe0083e58900d6b8570803b42cf16499ed57b08
  languageName: node
  linkType: hard

"mime-types@npm:2.1.35":
  version: 2.1.35
  resolution: "mime-types@npm:2.1.35"
  dependencies:
    mime-db: 1.52.0
  checksum: 1cbad57696e48f729add20e242f03f8b956a42a3e6e2ecd3ff74fe50ad8308d175961f88e117996dd5ec96b2d64ec69646206ddfc3dae02a629b6b2129e5e30c
  languageName: node
  linkType: hard

"semver@npm:6.3.1":
  version: 6.3.1
  resolution: "semver@npm:6.3.1"
  bin:
    semver: bin/semver.js
  checksum: 8/ae47d06de28836adb9d3e25f22a92943477371292d9b665fb023fae278d345d508ca1958232af086d85e0155aee22e313e100971898bbb8d5d89b8b1d4054ca2
  languageName: node
  linkType: hard

"test-539537@workspace:packages/test":
  version: 0.0.0-use.local
  resolution: "test-539537@workspace:packages/test"
  dependencies:
    semver: 6.3.1
  languageName: unknown
  linkType: soft

"yarnv2workspaces@workspace:.":
  version: 0.0.0-use.local
  resolution: "yarnv2workspaces@workspace:."
  dependencies:
    "@yarnv2/client": ""
    mime-types: 2.1.35
  languageName: unknown
  linkType: soft
